
Microsoft Visual Studio Solution File, Format Version 12.00
# Visual Studio Version 17
VisualStudioVersion = 17.4.33122.133
MinimumVisualStudioVersion = 10.0.40219.1
Project("{FAE04EC0-301F-11D3-BF4B-00C04F79EFBC}") = "Day1Puzzle1", "Day1Puzzle1\Day1Puzzle1.csproj", "{0300E07E-8F6F-4155-AD3F-312B9C945B9F}"
EndProject
Global
	GlobalSection(SolutionConfigurationPlatforms) = preSolution
		Debug|Any CPU = Debug|Any CPU
		Release|Any CPU = Release|Any CPU
	EndGlobalSection
	GlobalSection(ProjectConfigurationPlatforms) = postSolution
		{0300E07E-8F6F-4155-AD3F-312B9C945B9F}.Debug|Any CPU.ActiveCfg = Debug|Any CPU
		{0300E07E-8F6F-4155-AD3F-312B9C945B9F}.Debug|Any CPU.Build.0 = Debug|Any CPU
		{0300E07E-8F6F-4155-AD3F-312B9C945B9F}.Release|Any CPU.ActiveCfg = Release|Any CPU
		{0300E07E-8F6F-4155-AD3F-312B9C945B9F}.Release|Any CPU.Build.0 = Release|Any CPU
	EndGlobalSection
	GlobalSection(SolutionProperties) = preSolution
		HideSolutionNode = FALSE
	EndGlobalSection
	GlobalSection(ExtensibilityGlobals) = postSolution
		SolutionGuid = {F6876988-5AEE-494E-A7B3-D9FF971C1D76}
	EndGlobalSection
EndGlobal
